
Microsoft Visual Studio Solution File, Format Version 12.00
# Visual Studio Version 17
VisualStudioVersion = 17.1.32319.34
MinimumVisualStudioVersion = 10.0.40219.1
Project("{FAE04EC0-301F-11D3-BF4B-00C04F79EFBC}") = "NumberHelper", "NumberHelper\NumberHelper.csproj", "{DC8CA348-9081-4A12-B43D-97BBE41D4F99}"
EndProject
Project("{FAE04EC0-301F-11D3-BF4B-00C04F79EFBC}") = "NumberHelperTest", "NumberHelperTest\NumberHelperTest.csproj", "{1BAC6F55-E379-4E90-AB60-926BEF4C6265}"
EndProject
Global
	GlobalSection(SolutionConfigurationPlatforms) = preSolution
		Debug|Any CPU = Debug|Any CPU
		Release|Any CPU = Release|Any CPU
	EndGlobalSection
	GlobalSection(ProjectConfigurationPlatforms) = postSolution
		{DC8CA348-9081-4A12-B43D-97BBE41D4F99}.Debug|Any CPU.ActiveCfg = Debug|Any CPU
		{DC8CA348-9081-4A12-B43D-97BBE41D4F99}.Debug|Any CPU.Build.0 = Debug|Any CPU
		{DC8CA348-9081-4A12-B43D-97BBE41D4F99}.Release|Any CPU.ActiveCfg = Release|Any CPU
		{DC8CA348-9081-4A12-B43D-97BBE41D4F99}.Release|Any CPU.Build.0 = Release|Any CPU
		{1BAC6F55-E379-4E90-AB60-926BEF4C6265}.Debug|Any CPU.ActiveCfg = Debug|Any CPU
		{1BAC6F55-E379-4E90-AB60-926BEF4C6265}.Debug|Any CPU.Build.0 = Debug|Any CPU
		{1BAC6F55-E379-4E90-AB60-926BEF4C6265}.Release|Any CPU.ActiveCfg = Release|Any CPU
		{1BAC6F55-E379-4E90-AB60-926BEF4C6265}.Release|Any CPU.Build.0 = Release|Any CPU
	EndGlobalSection
	GlobalSection(SolutionProperties) = preSolution
		HideSolutionNode = FALSE
	EndGlobalSection
	GlobalSection(ExtensibilityGlobals) = postSolution
		SolutionGuid = {98B88E8F-CAA8-4CCD-B515-889F5F452499}
	EndGlobalSection
EndGlobal
